
Microsoft Visual Studio Solution File, Format Version 12.00
# Visual Studio Version 16
VisualStudioVersion = 16.0.30523.141
MinimumVisualStudioVersion = 10.0.40219.1
Project("{FAE04EC0-301F-11D3-BF4B-00C04F79EFBC}") = "[14] Praktikum", "[14] Praktikum.csproj", "{0F35C55B-64A8-4AAA-BD09-1E6D9722E885}"
EndProject
Global
	GlobalSection(SolutionConfigurationPlatforms) = preSolution
		Debug|Any CPU = Debug|Any CPU
		Release|Any CPU = Release|Any CPU
	EndGlobalSection
	GlobalSection(ProjectConfigurationPlatforms) = postSolution
		{0F35C55B-64A8-4AAA-BD09-1E6D9722E885}.Debug|Any CPU.ActiveCfg = Debug|Any CPU
		{0F35C55B-64A8-4AAA-BD09-1E6D9722E885}.Debug|Any CPU.Build.0 = Debug|Any CPU
		{0F35C55B-64A8-4AAA-BD09-1E6D9722E885}.Release|Any CPU.ActiveCfg = Release|Any CPU
		{0F35C55B-64A8-4AAA-BD09-1E6D9722E885}.Release|Any CPU.Build.0 = Release|Any CPU
	EndGlobalSection
	GlobalSection(SolutionProperties) = preSolution
		HideSolutionNode = FALSE
	EndGlobalSection
	GlobalSection(ExtensibilityGlobals) = postSolution
		SolutionGuid = {05BBD372-3C72-40DE-8C26-32BCB924D19D}
	EndGlobalSection
EndGlobal
